
Microsoft Visual Studio Solution File, Format Version 12.00
# Visual Studio Version 17
VisualStudioVersion = 17.10.35004.147
MinimumVisualStudioVersion = 10.0.40219.1
Project("{9A19103F-16F7-4668-BE54-9A1E7A4F7556}") = "Digience", "Digience\Digience.csproj", "{D12D3E4C-DECD-4806-8ED1-A19E7D64670E}"
EndProject
Project("{FAE04EC0-301F-11D3-BF4B-00C04F79EFBC}") = "Digience.UI.Tests", "Digience.UI.Tests\Digience.UI.Tests.csproj", "{1AD42C52-3F5E-4E79-BAAB-C28AED50442E}"
EndProject
Global
	GlobalSection(SolutionConfigurationPlatforms) = preSolution
		Debug|Any CPU = Debug|Any CPU
		Release|Any CPU = Release|Any CPU
	EndGlobalSection
	GlobalSection(ProjectConfigurationPlatforms) = postSolution
		{D12D3E4C-DECD-4806-8ED1-A19E7D64670E}.Debug|Any CPU.ActiveCfg = Debug|Any CPU
		{D12D3E4C-DECD-4806-8ED1-A19E7D64670E}.Debug|Any CPU.Build.0 = Debug|Any CPU
		{D12D3E4C-DECD-4806-8ED1-A19E7D64670E}.Debug|Any CPU.Deploy.0 = Debug|Any CPU
		{D12D3E4C-DECD-4806-8ED1-A19E7D64670E}.Release|Any CPU.ActiveCfg = Release|Any CPU
		{D12D3E4C-DECD-4806-8ED1-A19E7D64670E}.Release|Any CPU.Build.0 = Release|Any CPU
		{D12D3E4C-DECD-4806-8ED1-A19E7D64670E}.Release|Any CPU.Deploy.0 = Release|Any CPU
		{1AD42C52-3F5E-4E79-BAAB-C28AED50442E}.Debug|Any CPU.ActiveCfg = Debug|Any CPU
		{1AD42C52-3F5E-4E79-BAAB-C28AED50442E}.Debug|Any CPU.Build.0 = Debug|Any CPU
		{1AD42C52-3F5E-4E79-BAAB-C28AED50442E}.Release|Any CPU.ActiveCfg = Release|Any CPU
		{1AD42C52-3F5E-4E79-BAAB-C28AED50442E}.Release|Any CPU.Build.0 = Release|Any CPU
	EndGlobalSection
	GlobalSection(SolutionProperties) = preSolution
		HideSolutionNode = FALSE
	EndGlobalSection
	GlobalSection(ExtensibilityGlobals) = postSolution
		SolutionGuid = {8BEF8750-60B9-4D25-98F3-DC40A926DBA2}
	EndGlobalSection
EndGlobal
